// !$*UTF8*$!
{
	archiveVersion = 1;
	classes = {
	};
	objectVersion = 46;
	objects = {

/* Begin PBXBuildFile section */
		AA70F4D119BB95210051DBD5 /* Settings.bundle in Resources */ = {isa = PBXBuildFile; fileRef = AA70F4D019BB95210051DBD5 /* Settings.bundle */; };
		AAD81F5819BB63E600B08E83 /* AppDelegate.swift in Sources */ = {isa = PBXBuildFile; fileRef = AAD81F5719BB63E600B08E83 /* AppDelegate.swift */; };
		AAD81F5B19BB63E600B08E83 /* Swift_Push_3.xcdatamodeld in Sources */ = {isa = PBXBuildFile; fileRef = AAD81F5919BB63E600B08E83 /* Swift_Push_3.xcdatamodeld */; };
		AAD81F6019BB63E600B08E83 /* Main.storyboard in Resources */ = {isa = PBXBuildFile; fileRef = AAD81F5E19BB63E600B08E83 /* Main.storyboard */; };
		AAD81F6219BB63E600B08E83 /* Images.xcassets in Resources */ = {isa = PBXBuildFile; fileRef = AAD81F6119BB63E600B08E83 /* Images.xcassets */; };
		AAD81F6E19BB63E600B08E83 /* Swift_Push_3Tests.swift in Sources */ = {isa = PBXBuildFile; fileRef = AAD81F6D19BB63E600B08E83 /* Swift_Push_3Tests.swift */; };
		AAD81F7A19BB655D00B08E83 /* NotificationsTableViewController.swift in Sources */ = {isa = PBXBuildFile; fileRef = AAD81F7919BB655D00B08E83 /* NotificationsTableViewController.swift */; };
		AAD81F7C19BB65C800B08E83 /* NotificationData.swift in Sources */ = {isa = PBXBuildFile; fileRef = AAD81F7B19BB65C800B08E83 /* NotificationData.swift */; };
/* End PBXBuildFile section */

/* Begin PBXContainerItemProxy section */
		AAD81F6819BB63E600B08E83 /* PBXContainerItemProxy */ = {
			isa = PBXContainerItemProxy;
			containerPortal = AAD81F4A19BB63E600B08E83 /* Project object */;
			proxyType = 1;
			remoteGlobalIDString = AAD81F5119BB63E600B08E83;
			remoteInfo = "Swift Push 3";
		};
/* End PBXContainerItemProxy section */

/* Begin PBXFileReference section */
		AA70F4D019BB95210051DBD5 /* Settings.bundle */ = {isa = PBXFileReference; lastKnownFileType = "wrapper.plug-in"; path = Settings.bundle; sourceTree = "<group>"; };
		AAD81F5219BB63E600B08E83 /* Swift Push 3.app */ = {isa = PBXFileReference; explicitFileType = wrapper.application; includeInIndex = 0; path = "Swift Push 3.app"; sourceTree = BUILT_PRODUCTS_DIR; };
		AAD81F5619BB63E600B08E83 /* Info.plist */ = {isa = PBXFileReference; lastKnownFileType = text.plist.xml; path = Info.plist; sourceTree = "<group>"; };
		AAD81F5719BB63E600B08E83 /* AppDelegate.swift */ = {isa = PBXFileReference; lastKnownFileType = sourcecode.swift; path = AppDelegate.swift; sourceTree = "<group>"; };
		AAD81F5A19BB63E600B08E83 /* Swift_Push_3.xcdatamodel */ = {isa = PBXFileReference; lastKnownFileType = wrapper.xcdatamodel; path = Swift_Push_3.xcdatamodel; sourceTree = "<group>"; };
		AAD81F5F19BB63E600B08E83 /* Base */ = {isa = PBXFileReference; lastKnownFileType = file.storyboard; name = Base; path = Base.lproj/Main.storyboard; sourceTree = "<group>"; };
		AAD81F6119BB63E600B08E83 /* Images.xcassets */ = {isa = PBXFileReference; lastKnownFileType = folder.assetcatalog; path = Images.xcassets; sourceTree = "<group>"; };
		AAD81F6719BB63E600B08E83 /* Swift Push 3Tests.xctest */ = {isa = PBXFileReference; explicitFileType = wrapper.cfbundle; includeInIndex = 0; path = "Swift Push 3Tests.xctest"; sourceTree = BUILT_PRODUCTS_DIR; };
		AAD81F6C19BB63E600B08E83 /* Info.plist */ = {isa = PBXFileReference; lastKnownFileType = text.plist.xml; path = Info.plist; sourceTree = "<group>"; };
		AAD81F6D19BB63E600B08E83 /* Swift_Push_3Tests.swift */ = {isa = PBXFileReference; lastKnownFileType = sourcecode.swift; path = Swift_Push_3Tests.swift; sourceTree = "<group>"; };
		AAD81F7919BB655D00B08E83 /* NotificationsTableViewController.swift */ = {isa = PBXFileReference; fileEncoding = 4; lastKnownFileType = sourcecode.swift; path = NotificationsTableViewController.swift; sourceTree = "<group>"; };
		AAD81F7B19BB65C800B08E83 /* NotificationData.swift */ = {isa = PBXFileReference; fileEncoding = 4; lastKnownFileType = sourcecode.swift; path = NotificationData.swift; sourceTree = "<group>"; };
/* End PBXFileReference section */

/* Begin PBXFrameworksBuildPhase section */
		AAD81F4F19BB63E600B08E83 /* Frameworks */ = {
			isa = PBXFrameworksBuildPhase;
			buildActionMask = 2147483647;
			files = (
			);
			runOnlyForDeploymentPostprocessing = 0;
		};
		AAD81F6419BB63E600B08E83 /* Frameworks */ = {
			isa = PBXFrameworksBuildPhase;
			buildActionMask = 2147483647;
			files = (
			);
			runOnlyForDeploymentPostprocessing = 0;
		};
/* End PBXFrameworksBuildPhase section */

/* Begin PBXGroup section */
		AAD81F4919BB63E600B08E83 = {
			isa = PBXGroup;
			children = (
				AAD81F5419BB63E600B08E83 /* Swift Push 3 */,
				AAD81F6A19BB63E600B08E83 /* Swift Push 3Tests */,
				AAD81F5319BB63E600B08E83 /* Products */,
			);
			sourceTree = "<group>";
		};
		AAD81F5319BB63E600B08E83 /* Products */ = {
			isa = PBXGroup;
			children = (
				AAD81F5219BB63E600B08E83 /* Swift Push 3.app */,
				AAD81F6719BB63E600B08E83 /* Swift Push 3Tests.xctest */,
			);
			name = Products;
			sourceTree = "<group>";
		};
		AAD81F5419BB63E600B08E83 /* Swift Push 3 */ = {
			isa = PBXGroup;
			children = (
				AAD81F5719BB63E600B08E83 /* AppDelegate.swift */,
				AAD81F5E19BB63E600B08E83 /* Main.storyboard */,
				AAD81F6119BB63E600B08E83 /* Images.xcassets */,
				AAD81F5919BB63E600B08E83 /* Swift_Push_3.xcdatamodeld */,
				AAD81F5519BB63E600B08E83 /* Supporting Files */,
				AAD81F7919BB655D00B08E83 /* NotificationsTableViewController.swift */,
				AAD81F7B19BB65C800B08E83 /* NotificationData.swift */,
				AA70F4D019BB95210051DBD5 /* Settings.bundle */,
			);
			path = "Swift Push 3";
			sourceTree = "<group>";
		};
		AAD81F5519BB63E600B08E83 /* Supporting Files */ = {
			isa = PBXGroup;
			children = (
				AAD81F5619BB63E600B08E83 /* Info.plist */,
			);
			name = "Supporting Files";
			sourceTree = "<group>";
		};
		AAD81F6A19BB63E600B08E83 /* Swift Push 3Tests */ = {
			isa = PBXGroup;
			children = (
				AAD81F6D19BB63E600B08E83 /* Swift_Push_3Tests.swift */,
				AAD81F6B19BB63E600B08E83 /* Supporting Files */,
			);
			path = "Swift Push 3Tests";
			sourceTree = "<group>";
		};
		AAD81F6B19BB63E600B08E83 /* Supporting Files */ = {
			isa = PBXGroup;
			children = (
				AAD81F6C19BB63E600B08E83 /* Info.plist */,
			);
			name = "Supporting Files";
			sourceTree = "<group>";
		};
/* End PBXGroup section */

/* Begin PBXNativeTarget section */
		AAD81F5119BB63E600B08E83 /* Swift Push 3 */ = {
			isa = PBXNativeTarget;
			buildConfigurationList = AAD81F7119BB63E600B08E83 /* Build configuration list for PBXNativeTarget "Swift Push 3" */;
			buildPhases = (
				AAD81F4E19BB63E600B08E83 /* Sources */,
				AAD81F4F19BB63E600B08E83 /* Frameworks */,
				AAD81F5019BB63E600B08E83 /* Resources */,
				AAB0188219BDE2C100B9CFBC /* ShellScript */,
			);
			buildRules = (
			);
			dependencies = (
			);
			name = "Swift Push 3";
			productName = "Swift Push 3";
			productReference = AAD81F5219BB63E600B08E83 /* Swift Push 3.app */;
			productType = "com.apple.product-type.application";
		};
		AAD81F6619BB63E600B08E83 /* Swift Push 3Tests */ = {
			isa = PBXNativeTarget;
			buildConfigurationList = AAD81F7419BB63E600B08E83 /* Build configuration list for PBXNativeTarget "Swift Push 3Tests" */;
			buildPhases = (
				AAD81F6319BB63E600B08E83 /* Sources */,
				AAD81F6419BB63E600B08E83 /* Frameworks */,
				AAD81F6519BB63E600B08E83 /* Resources */,
			);
			buildRules = (
			);
			dependencies = (
				AAD81F6919BB63E600B08E83 /* PBXTargetDependency */,
			);
			name = "Swift Push 3Tests";
			productName = "Swift Push 3Tests";
			productReference = AAD81F6719BB63E600B08E83 /* Swift Push 3Tests.xctest */;
			productType = "com.apple.product-type.bundle.unit-test";
		};
/* End PBXNativeTarget section */

/* Begin PBXProject section */
		AAD81F4A19BB63E600B08E83 /* Project object */ = {
			isa = PBXProject;
			attributes = {
				LastUpgradeCheck = 0600;
				ORGANIZATIONNAME = steve;
				TargetAttributes = {
					AAD81F5119BB63E600B08E83 = {
						CreatedOnToolsVersion = 6.0;
						SystemCapabilities = {
							com.apple.BackgroundModes = {
								enabled = 1;
							};
						};
					};
					AAD81F6619BB63E600B08E83 = {
						CreatedOnToolsVersion = 6.0;
						TestTargetID = AAD81F5119BB63E600B08E83;
					};
				};
			};
			buildConfigurationList = AAD81F4D19BB63E600B08E83 /* Build configuration list for PBXProject "Swift Push 3" */;
			compatibilityVersion = "Xcode 3.2";
			developmentRegion = English;
			hasScannedForEncodings = 0;
			knownRegions = (
				en,
				Base,
			);
			mainGroup = AAD81F4919BB63E600B08E83;
			productRefGroup = AAD81F5319BB63E600B08E83 /* Products */;
			projectDirPath = "";
			projectRoot = "";
			targets = (
				AAD81F5119BB63E600B08E83 /* Swift Push 3 */,
				AAD81F6619BB63E600B08E83 /* Swift Push 3Tests */,
			);
		};
/* End PBXProject section */

/* Begin PBXResourcesBuildPhase section */
		AAD81F5019BB63E600B08E83 /* Resources */ = {
			isa = PBXResourcesBuildPhase;
			buildActionMask = 2147483647;
			files = (
				AAD81F6019BB63E600B08E83 /* Main.storyboard in Resources */,
				AA70F4D119BB95210051DBD5 /* Settings.bundle in Resources */,
				AAD81F6219BB63E600B08E83 /* Images.xcassets in Resources */,
			);
			runOnlyForDeploymentPostprocessing = 0;
		};
		AAD81F6519BB63E600B08E83 /* Resources */ = {
			isa = PBXResourcesBuildPhase;
			buildActionMask = 2147483647;
			files = (
			);
			runOnlyForDeploymentPostprocessing = 0;
		};
/* End PBXResourcesBuildPhase section */

/* Begin PBXShellScriptBuildPhase section */
		AAB0188219BDE2C100B9CFBC /* ShellScript */ = {
			isa = PBXShellScriptBuildPhase;
			buildActionMask = 2147483647;
			files = (
			);
			inputPaths = (
			);
			outputPaths = (
			);
			runOnlyForDeploymentPostprocessing = 0;
			shellPath = /bin/sh;
			shellScript = "# xcode-build-bump.sh\n# @desc Auto-increment the build number every time the project is run.\n# @usage\n# 1. Select: your Target in Xcode\n# 2. Select: Build Phases Tab\n# 3. Select: Add Build Phase -> Add Run Script\n# 4. Paste code below in to new \"Run Script\" section\n# 5. Drag the \"Run Script\" below \"Link Binaries With Libraries\"\n# 6. Insure that your starting build number is set to a whole integer and not a float (e.g. 1, not 1.0)\n\nbuildNumber=$(/usr/libexec/PlistBuddy -c \"Print CFBundleVersion\" \"${PROJECT_DIR}/${INFOPLIST_FILE}\")\nbuildNumber=$(($buildNumber + 1))\n/usr/libexec/PlistBuddy -c \"Set :CFBundleVersion $buildNumber\" \"${PROJECT_DIR}/${INFOPLIST_FILE}\"\n/usr/libexec/PlistBuddy -c \"Set :PreferenceSpecifiers:0:DefaultValue $buildNumber\" \"${PROJECT_DIR}/Swift Push 3/Settings.bundle/Root.plist\"";
		};
/* End PBXShellScriptBuildPhase section */

/* Begin PBXSourcesBuildPhase section */
		AAD81F4E19BB63E600B08E83 /* Sources */ = {
			isa = PBXSourcesBuildPhase;
			buildActionMask = 2147483647;
			files = (
				AAD81F5819BB63E600B08E83 /* AppDelegate.swift in Sources */,
				AAD81F5B19BB63E600B08E83 /* Swift_Push_3.xcdatamodeld in Sources */,
				AAD81F7C19BB65C800B08E83 /* NotificationData.swift in Sources */,
				AAD81F7A19BB655D00B08E83 /* NotificationsTableViewController.swift in Sources */,
			);
			runOnlyForDeploymentPostprocessing = 0;
		};
		AAD81F6319BB63E600B08E83 /* Sources */ = {
			isa = PBXSourcesBuildPhase;
			buildActionMask = 2147483647;
			files = (
				AAD81F6E19BB63E600B08E83 /* Swift_Push_3Tests.swift in Sources */,
			);
			runOnlyForDeploymentPostprocessing = 0;
		};
/* End PBXSourcesBuildPhase section */

/* Begin PBXTargetDependency section */
		AAD81F6919BB63E600B08E83 /* PBXTargetDependency */ = {
			isa = PBXTargetDependency;
			target = AAD81F5119BB63E600B08E83 /* Swift Push 3 */;
			targetProxy = AAD81F6819BB63E600B08E83 /* PBXContainerItemProxy */;
		};
/* End PBXTargetDependency section */

/* Begin PBXVariantGroup section */
		AAD81F5E19BB63E600B08E83 /* Main.storyboard */ = {
			isa = PBXVariantGroup;
			children = (
				AAD81F5F19BB63E600B08E83 /* Base */,
			);
			name = Main.storyboard;
			sourceTree = "<group>";
		};
/* End PBXVariantGroup section */

/* Begin XCBuildConfiguration section */
		AAD81F6F19BB63E600B08E83 /* Debug */ = {
			isa = XCBuildConfiguration;
			buildSettings = {
				ALWAYS_SEARCH_USER_PATHS = NO;
				CLANG_CXX_LANGUAGE_STANDARD = "gnu++0x";
				CLANG_CXX_LIBRARY = "libc++";
				CLANG_ENABLE_MODULES = YES;
				CLANG_ENABLE_OBJC_ARC = YES;
				CLANG_WARN_BOOL_CONVERSION = YES;
				CLANG_WARN_CONSTANT_CONVERSION = YES;
				CLANG_WARN_DIRECT_OBJC_ISA_USAGE = YES_ERROR;
				CLANG_WARN_EMPTY_BODY = YES;
				CLANG_WARN_ENUM_CONVERSION = YES;
				CLANG_WARN_INT_CONVERSION = YES;
				CLANG_WARN_OBJC_ROOT_CLASS = YES_ERROR;
				CLANG_WARN_UNREACHABLE_CODE = YES;
				CLANG_WARN__DUPLICATE_METHOD_MATCH = YES;
				"CODE_SIGN_IDENTITY[sdk=iphoneos*]" = "iPhone Developer";
				COPY_PHASE_STRIP = NO;
				ENABLE_STRICT_OBJC_MSGSEND = YES;
				GCC_C_LANGUAGE_STANDARD = gnu99;
				GCC_DYNAMIC_NO_PIC = NO;
				GCC_OPTIMIZATION_LEVEL = 0;
				GCC_PREPROCESSOR_DEFINITIONS = (
					"DEBUG=1",
					"$(inherited)",
				);
				GCC_SYMBOLS_PRIVATE_EXTERN = NO;
				GCC_WARN_64_TO_32_BIT_CONVERSION = YES;
				GCC_WARN_ABOUT_RETURN_TYPE = YES_ERROR;
				GCC_WARN_UNDECLARED_SELECTOR = YES;
				GCC_WARN_UNINITIALIZED_AUTOS = YES_AGGRESSIVE;
				GCC_WARN_UNUSED_FUNCTION = YES;
				GCC_WARN_UNUSED_VARIABLE = YES;
				IPHONEOS_DEPLOYMENT_TARGET = 8.0;
				MTL_ENABLE_DEBUG_INFO = YES;
				ONLY_ACTIVE_ARCH = YES;
				SDKROOT = iphoneos;
				SWIFT_OPTIMIZATION_LEVEL = "-Onone";
				TARGETED_DEVICE_FAMILY = "1,2";
			};
			name = Debug;
		};
		AAD81F7019BB63E600B08E83 /* Release */ = {
			isa = XCBuildConfiguration;
			buildSettings = {
				ALWAYS_SEARCH_USER_PATHS = NO;
				CLANG_CXX_LANGUAGE_STANDARD = "gnu++0x";
				CLANG_CXX_LIBRARY = "libc++";
				CLANG_ENABLE_MODULES = YES;
				CLANG_ENABLE_OBJC_ARC = YES;
				CLANG_WARN_BOOL_CONVERSION = YES;
				CLANG_WARN_CONSTANT_CONVERSION = YES;
				CLANG_WARN_DIRECT_OBJC_ISA_USAGE = YES_ERROR;
				CLANG_WARN_EMPTY_BODY = YES;
				CLANG_WARN_ENUM_CONVERSION = YES;
				CLANG_WARN_INT_CONVERSION = YES;
				CLANG_WARN_OBJC_ROOT_CLASS = YES_ERROR;
				CLANG_WARN_UNREACHABLE_CODE = YES;
				CLANG_WARN__DUPLICATE_METHOD_MATCH = YES;
				"CODE_SIGN_IDENTITY[sdk=iphoneos*]" = "iPhone Developer";
				COPY_PHASE_STRIP = YES;
				ENABLE_NS_ASSERTIONS = NO;
				ENABLE_STRICT_OBJC_MSGSEND = YES;
				GCC_C_LANGUAGE_STANDARD = gnu99;
				GCC_WARN_64_TO_32_BIT_CONVERSION = YES;
				GCC_WARN_ABOUT_RETURN_TYPE = YES_ERROR;
				GCC_WARN_UNDECLARED_SELECTOR = YES;
				GCC_WARN_UNINITIALIZED_AUTOS = YES_AGGRESSIVE;
				GCC_WARN_UNUSED_FUNCTION = YES;
				GCC_WARN_UNUSED_VARIABLE = YES;
				IPHONEOS_DEPLOYMENT_TARGET = 8.0;
				MTL_ENABLE_DEBUG_INFO = NO;
				SDKROOT = iphoneos;
				TARGETED_DEVICE_FAMILY = "1,2";
				VALIDATE_PRODUCT = YES;
			};
			name = Release;
		};
		AAD81F7219BB63E600B08E83 /* Debug */ = {
			isa = XCBuildConfiguration;
			buildSettings = {
				ASSETCATALOG_COMPILER_APPICON_NAME = AppIcon;
				ASSETCATALOG_COMPILER_LAUNCHIMAGE_NAME = LaunchImage;
				INFOPLIST_FILE = "Swift Push 3/Info.plist";
				IPHONEOS_DEPLOYMENT_TARGET = 8.0;
				LD_RUNPATH_SEARCH_PATHS = "$(inherited) @executable_path/Frameworks";
				PRODUCT_NAME = "$(TARGET_NAME)";
			};
			name = Debug;
		};
		AAD81F7319BB63E600B08E83 /* Release */ = {
			isa = XCBuildConfiguration;
			buildSettings = {
				ASSETCATALOG_COMPILER_APPICON_NAME = AppIcon;
				ASSETCATALOG_COMPILER_LAUNCHIMAGE_NAME = LaunchImage;
				INFOPLIST_FILE = "Swift Push 3/Info.plist";
				IPHONEOS_DEPLOYMENT_TARGET = 8.0;
				LD_RUNPATH_SEARCH_PATHS = "$(inherited) @executable_path/Frameworks";
				PRODUCT_NAME = "$(TARGET_NAME)";
			};
			name = Release;
		};
		AAD81F7519BB63E600B08E83 /* Debug */ = {
			isa = XCBuildConfiguration;
			buildSettings = {
				BUNDLE_LOADER = "$(TEST_HOST)";
				FRAMEWORK_SEARCH_PATHS = (
					"$(SDKROOT)/Developer/Library/Frameworks",
					"$(inherited)",
				);
				GCC_PREPROCESSOR_DEFINITIONS = (
					"DEBUG=1",
					"$(inherited)",
				);
				INFOPLIST_FILE = "Swift Push 3Tests/Info.plist";
				LD_RUNPATH_SEARCH_PATHS = "$(inherited) @executable_path/Frameworks @loader_path/Frameworks";
				PRODUCT_NAME = "$(TARGET_NAME)";
				TEST_HOST = "$(BUILT_PRODUCTS_DIR)/Swift Push 3.app/Swift Push 3";
			};
			name = Debug;
		};
		AAD81F7619BB63E600B08E83 /* Release */ = {
			isa = XCBuildConfiguration;
			buildSettings = {
				BUNDLE_LOADER = "$(TEST_HOST)";
				FRAMEWORK_SEARCH_PATHS = (
					"$(SDKROOT)/Developer/Library/Frameworks",
					"$(inherited)",
				);
				INFOPLIST_FILE = "Swift Push 3Tests/Info.plist";
				LD_RUNPATH_SEARCH_PATHS = "$(inherited) @executable_path/Frameworks @loader_path/Frameworks";
				PRODUCT_NAME = "$(TARGET_NAME)";
				TEST_HOST = "$(BUILT_PRODUCTS_DIR)/Swift Push 3.app/Swift Push 3";
			};
			name = Release;
		};
/* End XCBuildConfiguration section */

/* Begin XCConfigurationList section */
		AAD81F4D19BB63E600B08E83 /* Build configuration list for PBXProject "Swift Push 3" */ = {
			isa = XCConfigurationList;
			buildConfigurations = (
				AAD81F6F19BB63E600B08E83 /* Debug */,
				AAD81F7019BB63E600B08E83 /* Release */,
			);
			defaultConfigurationIsVisible = 0;
			defaultConfigurationName = Release;
		};
		AAD81F7119BB63E600B08E83 /* Build configuration list for PBXNativeTarget "Swift Push 3" */ = {
			isa = XCConfigurationList;
			buildConfigurations = (
				AAD81F7219BB63E600B08E83 /* Debug */,
				AAD81F7319BB63E600B08E83 /* Release */,
			);
			defaultConfigurationIsVisible = 0;
			defaultConfigurationName = Release;
		};
		AAD81F7419BB63E600B08E83 /* Build configuration list for PBXNativeTarget "Swift Push 3Tests" */ = {
			isa = XCConfigurationList;
			buildConfigurations = (
				AAD81F7519BB63E600B08E83 /* Debug */,
				AAD81F7619BB63E600B08E83 /* Release */,
			);
			defaultConfigurationIsVisible = 0;
			defaultConfigurationName = Release;
		};
/* End XCConfigurationList section */

/* Begin XCVersionGroup section */
		AAD81F5919BB63E600B08E83 /* Swift_Push_3.xcdatamodeld */ = {
			isa = XCVersionGroup;
			children = (
				AAD81F5A19BB63E600B08E83 /* Swift_Push_3.xcdatamodel */,
			);
			currentVersion = AAD81F5A19BB63E600B08E83 /* Swift_Push_3.xcdatamodel */;
			path = Swift_Push_3.xcdatamodeld;
			sourceTree = "<group>";
			versionGroupType = wrapper.xcdatamodel;
		};
/* End XCVersionGroup section */
	};
	rootObject = AAD81F4A19BB63E600B08E83 /* Project object */;
}
